
Microsoft Visual Studio Solution File, Format Version 12.00
# Visual Studio Version 16
VisualStudioVersion = 25.0.1706.7
MinimumVisualStudioVersion = 10.0.40219.1
Project("{FAE04EC0-301F-11D3-BF4B-00C04F79EFBC}") = "HillelTask3", "HillelTask3\HillelTask3.csproj", "{320BE7C1-B892-4960-BC91-F823C0C5DEAC}"
EndProject
Global
	GlobalSection(SolutionConfigurationPlatforms) = preSolution
		Debug|Any CPU = Debug|Any CPU
		Release|Any CPU = Release|Any CPU
	EndGlobalSection
	GlobalSection(ProjectConfigurationPlatforms) = postSolution
		{320BE7C1-B892-4960-BC91-F823C0C5DEAC}.Debug|Any CPU.ActiveCfg = Debug|Any CPU
		{320BE7C1-B892-4960-BC91-F823C0C5DEAC}.Debug|Any CPU.Build.0 = Debug|Any CPU
		{320BE7C1-B892-4960-BC91-F823C0C5DEAC}.Release|Any CPU.ActiveCfg = Release|Any CPU
		{320BE7C1-B892-4960-BC91-F823C0C5DEAC}.Release|Any CPU.Build.0 = Release|Any CPU
	EndGlobalSection
	GlobalSection(SolutionProperties) = preSolution
		HideSolutionNode = FALSE
	EndGlobalSection
	GlobalSection(ExtensibilityGlobals) = postSolution
		SolutionGuid = {D69E7625-4774-49FC-A7FF-8F9CE5FD877C}
	EndGlobalSection
EndGlobal
